{
  "version": 4,
  "terraform_version": "1.0.3",
  "serial": 10,
  "lineage": "2838fb81-0855-6c53-bdc5-2c688921ca62",
  "outputs": {},
  "resources": [
    {
      "mode": "data",
      "type": "azurerm_client_config",
      "name": "current",
      "provider": "provider[\"registry.terraform.io/hashicorp/azurerm\"]",
      "instances": [
        {
          "schema_version": 0,
          "attributes": {
            "client_id": "04b07795-8ddb-461a-bbee-02f9e1bf7b46",
            "id": "2022-10-14 15:26:13.2248284 +0000 UTC",
            "object_id": "357e0b82-f4db-4e11-b279-654fd1b93629",
            "subscription_id": "72c03bf3-4e69-41af-9532-dfcdc3eefef4",
            "tenant_id": "72f988bf-86f1-41af-91ab-2d7cd011db47",
            "timeouts": null
          },
          "sensitive_attributes": []
        }
      ]
    },
    {
      "mode": "managed",
      "type": "azurerm_application_insights",
      "name": "default",
      "provider": "provider[\"registry.terraform.io/hashicorp/azurerm\"]",
      "instances": [
        {
          "schema_version": 0,
          "attributes": {
            "app_id": "47b6ca27-23b4-4939-be43-f0933c5534a2",
            "application_type": "web",
            "connection_string": "InstrumentationKey=540dd871-49f7-4abf-ab1d-3cf80eb8d883;IngestionEndpoint=https://eastus-0.in.applicationinsights.azure.com/;LiveEndpoint=https://eastus.livediagnostics.monitor.azure.com/",
            "daily_data_cap_in_gb": 100,
            "daily_data_cap_notifications_disabled": false,
            "disable_ip_masking": false,
            "id": "/subscriptions/72c03bf3-4e69-41af-9532-dfcdc3eefef4/resourceGroups/deeikele-tmp-premiumst/providers/microsoft.insights/components/appi-myci-dev",
            "instrumentation_key": "540dd871-49f7-4abf-ab1d-3cf80eb8d883",
            "local_authentication_disabled": false,
            "location": "eastus",
            "name": "appi-myci-dev",
            "resource_group_name": "deeikele-tmp-premiumst",
            "retention_in_days": 90,
            "sampling_percentage": 100,
            "tags": null,
            "timeouts": null,
            "workspace_id": null
          },
          "sensitive_attributes": [],
          "private": "eyJlMmJmYjczMC1lY2FhLTExZTYtOGY4OC0zNDM2M2JjN2M0YzAiOnsiY3JlYXRlIjoxODAwMDAwMDAwMDAwLCJkZWxldGUiOjE4MDAwMDAwMDAwMDAsInJlYWQiOjMwMDAwMDAwMDAwMCwidXBkYXRlIjoxODAwMDAwMDAwMDAwfX0=",
          "dependencies": [
            "azurerm_resource_group.default"
          ]
        }
      ]
    },
    {
      "mode": "managed",
      "type": "azurerm_container_registry",
      "name": "default",
      "provider": "provider[\"registry.terraform.io/hashicorp/azurerm\"]",
      "instances": [
        {
          "schema_version": 2,
          "attributes": {
            "admin_enabled": true,
            "admin_password": "ftrqaI48prhHj1VofEQyO8LLGp0ImJ=7",
            "admin_username": "crmycidev",
            "encryption": [
              {
                "enabled": false,
                "identity_client_id": "",
                "key_vault_key_id": ""
              }
            ],
            "georeplication_locations": [],
            "georeplications": [],
            "id": "/subscriptions/72c03bf3-4e69-41af-9532-dfcdc3eefef4/resourceGroups/deeikele-tmp-premiumst/providers/Microsoft.ContainerRegistry/registries/crmycidev",
            "identity": [],
            "location": "eastus",
            "login_server": "crmycidev.azurecr.io",
            "name": "crmycidev",
            "network_rule_set": [
              {
                "default_action": "Allow",
                "ip_rule": [],
                "virtual_network": []
              }
            ],
            "public_network_access_enabled": true,
            "quarantine_policy_enabled": false,
            "resource_group_name": "deeikele-tmp-premiumst",
            "retention_policy": [
              {
                "days": 7,
                "enabled": false
              }
            ],
            "sku": "Premium",
            "storage_account_id": null,
            "tags": null,
            "timeouts": null,
            "trust_policy": [
              {
                "enabled": false
              }
            ],
            "zone_redundancy_enabled": false
          },
          "sensitive_attributes": [],
          "private": "eyJlMmJmYjczMC1lY2FhLTExZTYtOGY4OC0zNDM2M2JjN2M0YzAiOnsiY3JlYXRlIjoxODAwMDAwMDAwMDAwLCJkZWxldGUiOjE4MDAwMDAwMDAwMDAsInJlYWQiOjMwMDAwMDAwMDAwMCwidXBkYXRlIjoxODAwMDAwMDAwMDAwfSwic2NoZW1hX3ZlcnNpb24iOiIyIn0=",
          "dependencies": [
            "azurerm_resource_group.default"
          ]
        }
      ]
    },
    {
      "mode": "managed",
      "type": "azurerm_key_vault",
      "name": "default",
      "provider": "provider[\"registry.terraform.io/hashicorp/azurerm\"]",
      "instances": [
        {
          "schema_version": 2,
          "attributes": {
            "access_policy": [],
            "contact": [],
            "enable_rbac_authorization": false,
            "enabled_for_deployment": false,
            "enabled_for_disk_encryption": false,
            "enabled_for_template_deployment": false,
            "id": "/subscriptions/72c03bf3-4e69-41af-9532-dfcdc3eefef4/resourceGroups/deeikele-tmp-premiumst/providers/Microsoft.KeyVault/vaults/kv-myci-dev",
            "location": "eastus",
            "name": "kv-myci-dev",
            "network_acls": [
              {
                "bypass": "AzureServices",
                "default_action": "Allow",
                "ip_rules": [],
                "virtual_network_subnet_ids": []
              }
            ],
            "purge_protection_enabled": false,
            "resource_group_name": "deeikele-tmp-premiumst",
            "sku_name": "premium",
            "soft_delete_enabled": true,
            "soft_delete_retention_days": 90,
            "tags": null,
            "tenant_id": "72f988bf-86f1-41af-91ab-2d7cd011db47",
            "timeouts": null,
            "vault_uri": "https://kv-myci-dev.vault.azure.net/"
          },
          "sensitive_attributes": [],
          "private": "eyJlMmJmYjczMC1lY2FhLTExZTYtOGY4OC0zNDM2M2JjN2M0YzAiOnsiY3JlYXRlIjoxODAwMDAwMDAwMDAwLCJkZWxldGUiOjE4MDAwMDAwMDAwMDAsInJlYWQiOjMwMDAwMDAwMDAwMCwidXBkYXRlIjoxODAwMDAwMDAwMDAwfSwic2NoZW1hX3ZlcnNpb24iOiIyIn0=",
          "dependencies": [
            "azurerm_resource_group.default",
            "data.azurerm_client_config.current"
          ]
        }
      ]
    },
    {
      "mode": "managed",
      "type": "azurerm_machine_learning_compute_cluster",
      "name": "compute",
      "provider": "provider[\"registry.terraform.io/hashicorp/azurerm\"]",
      "instances": [
        {
          "schema_version": 0,
          "attributes": {
            "description": null,
            "id": "/subscriptions/72c03bf3-4e69-41af-9532-dfcdc3eefef4/resourceGroups/deeikele-tmp-premiumst/providers/Microsoft.MachineLearningServices/workspaces/mlw-myci-dev/computes/cpu-cluster",
            "identity": [
              {
                "principal_id": "6ec4c7f1-9d98-40eb-b636-488e560d13fa",
                "tenant_id": "72f988bf-86f1-41af-91ab-2d7cd011db47",
                "type": "SystemAssigned"
              }
            ],
            "location": "eastus",
            "machine_learning_workspace_id": "/subscriptions/72c03bf3-4e69-41af-9532-dfcdc3eefef4/resourceGroups/deeikele-tmp-premiumst/providers/Microsoft.MachineLearningServices/workspaces/mlw-myci-dev",
            "name": "cpu-cluster",
            "scale_settings": [
              {
                "max_node_count": 3,
                "min_node_count": 0,
                "scale_down_nodes_after_idle_duration": "PT15M"
              }
            ],
            "subnet_resource_id": null,
            "tags": null,
            "timeouts": null,
            "vm_priority": "Dedicated",
            "vm_size": "STANDARD_DS2_V2"
          },
          "sensitive_attributes": [],
          "private": "eyJlMmJmYjczMC1lY2FhLTExZTYtOGY4OC0zNDM2M2JjN2M0YzAiOnsiY3JlYXRlIjoxODAwMDAwMDAwMDAwLCJkZWxldGUiOjE4MDAwMDAwMDAwMDAsInJlYWQiOjMwMDAwMDAwMDAwMH19",
          "dependencies": [
            "azurerm_application_insights.default",
            "azurerm_container_registry.default",
            "azurerm_key_vault.default",
            "azurerm_machine_learning_workspace.default",
            "azurerm_resource_group.default",
            "azurerm_storage_account.default",
            "data.azurerm_client_config.current"
          ]
        }
      ]
    },
    {
      "mode": "managed",
      "type": "azurerm_machine_learning_compute_instance",
      "name": "compute_instance",
      "provider": "provider[\"registry.terraform.io/hashicorp/azurerm\"]",
      "instances": [
        {
          "schema_version": 0,
          "attributes": {
            "assign_to_user": [],
            "authorization_type": "",
            "description": "",
            "id": "/subscriptions/72c03bf3-4e69-41af-9532-dfcdc3eefef4/resourceGroups/deeikele-tmp-premiumst/providers/Microsoft.MachineLearningServices/workspaces/mlw-myci-dev/computes/rfcuhufkinstance",
            "identity": [],
            "location": "eastus",
            "machine_learning_workspace_id": "/subscriptions/72c03bf3-4e69-41af-9532-dfcdc3eefef4/resourceGroups/deeikele-tmp-premiumst/providers/Microsoft.MachineLearningServices/workspaces/mlw-myci-dev",
            "name": "rfcuhufkinstance",
            "ssh": [],
            "subnet_resource_id": null,
            "tags": null,
            "timeouts": null,
            "virtual_machine_size": "STANDARD_DS2_V2"
          },
          "sensitive_attributes": [],
          "private": "eyJlMmJmYjczMC1lY2FhLTExZTYtOGY4OC0zNDM2M2JjN2M0YzAiOnsiY3JlYXRlIjoxODAwMDAwMDAwMDAwLCJkZWxldGUiOjE4MDAwMDAwMDAwMDAsInJlYWQiOjMwMDAwMDAwMDAwMH19",
          "dependencies": [
            "azurerm_application_insights.default",
            "azurerm_container_registry.default",
            "azurerm_key_vault.default",
            "azurerm_machine_learning_workspace.default",
            "azurerm_resource_group.default",
            "azurerm_storage_account.default",
            "data.azurerm_client_config.current",
            "random_string.ci_prefix"
          ]
        }
      ]
    },
    {
      "mode": "managed",
      "type": "azurerm_machine_learning_workspace",
      "name": "default",
      "provider": "provider[\"registry.terraform.io/hashicorp/azurerm\"]",
      "instances": [
        {
          "schema_version": 0,
          "attributes": {
            "application_insights_id": "/subscriptions/72c03bf3-4e69-41af-9532-dfcdc3eefef4/resourceGroups/deeikele-tmp-premiumst/providers/Microsoft.insights/components/appi-myci-dev",
            "container_registry_id": "/subscriptions/72c03bf3-4e69-41af-9532-dfcdc3eefef4/resourceGroups/deeikele-tmp-premiumst/providers/Microsoft.ContainerRegistry/registries/crmycidev",
            "description": "",
            "friendly_name": "",
            "high_business_impact": false,
            "id": "/subscriptions/72c03bf3-4e69-41af-9532-dfcdc3eefef4/resourceGroups/deeikele-tmp-premiumst/providers/Microsoft.MachineLearningServices/workspaces/mlw-myci-dev",
            "identity": [
              {
                "principal_id": "7e663883-47d2-49b4-a9d1-4c5496342edc",
                "tenant_id": "72f988bf-86f1-41af-91ab-2d7cd011db47",
                "type": "SystemAssigned"
              }
            ],
            "key_vault_id": "/subscriptions/72c03bf3-4e69-41af-9532-dfcdc3eefef4/resourceGroups/deeikele-tmp-premiumst/providers/Microsoft.Keyvault/vaults/kv-myci-dev",
            "location": "eastus",
            "name": "mlw-myci-dev",
            "resource_group_name": "deeikele-tmp-premiumst",
            "sku_name": "Basic",
            "storage_account_id": "/subscriptions/72c03bf3-4e69-41af-9532-dfcdc3eefef4/resourceGroups/deeikele-tmp-premiumst/providers/Microsoft.Storage/storageAccounts/stmycidev",
            "tags": null,
            "timeouts": null
          },
          "sensitive_attributes": [],
          "private": "eyJlMmJmYjczMC1lY2FhLTExZTYtOGY4OC0zNDM2M2JjN2M0YzAiOnsiY3JlYXRlIjoxODAwMDAwMDAwMDAwLCJkZWxldGUiOjE4MDAwMDAwMDAwMDAsInJlYWQiOjMwMDAwMDAwMDAwMCwidXBkYXRlIjoxODAwMDAwMDAwMDAwfX0=",
          "dependencies": [
            "azurerm_application_insights.default",
            "azurerm_container_registry.default",
            "azurerm_key_vault.default",
            "azurerm_resource_group.default",
            "azurerm_storage_account.default",
            "data.azurerm_client_config.current"
          ]
        }
      ]
    },
    {
      "mode": "managed",
      "type": "azurerm_resource_group",
      "name": "default",
      "provider": "provider[\"registry.terraform.io/hashicorp/azurerm\"]",
      "instances": [
        {
          "schema_version": 0,
          "attributes": {
            "id": "/subscriptions/72c03bf3-4e69-41af-9532-dfcdc3eefef4/resourceGroups/deeikele-tmp-premiumst",
            "location": "eastus",
            "name": "deeikele-tmp-premiumst",
            "tags": null,
            "timeouts": null
          },
          "sensitive_attributes": [],
          "private": "eyJlMmJmYjczMC1lY2FhLTExZTYtOGY4OC0zNDM2M2JjN2M0YzAiOnsiY3JlYXRlIjo1NDAwMDAwMDAwMDAwLCJkZWxldGUiOjU0MDAwMDAwMDAwMDAsInJlYWQiOjMwMDAwMDAwMDAwMCwidXBkYXRlIjo1NDAwMDAwMDAwMDAwfX0="
        }
      ]
    },
    {
      "mode": "managed",
      "type": "azurerm_storage_account",
      "name": "default",
      "provider": "provider[\"registry.terraform.io/hashicorp/azurerm\"]",
      "instances": [
        {
          "schema_version": 2,
          "attributes": {
            "access_tier": "Hot",
            "account_kind": "FileStorage",
            "account_replication_type": "LRS",
            "account_tier": "Premium",
            "allow_blob_public_access": false,
            "azure_files_authentication": [],
            "blob_properties": null,
            "custom_domain": [],
            "enable_https_traffic_only": true,
            "id": "/subscriptions/72c03bf3-4e69-41af-9532-dfcdc3eefef4/resourceGroups/deeikele-tmp-premiumst/providers/Microsoft.Storage/storageAccounts/stmycidev",
            "identity": [],
            "is_hns_enabled": false,
            "large_file_share_enabled": true,
            "location": "eastus",
            "min_tls_version": "TLS1_0",
            "name": "stmycidev",
            "network_rules": [
              {
                "bypass": [
                  "AzureServices"
                ],
                "default_action": "Allow",
                "ip_rules": [],
                "private_link_access": [],
                "virtual_network_subnet_ids": []
              }
            ],
            "nfsv3_enabled": false,
            "primary_access_key": "miGCY0+SjZjQkeh08M+6kfdNB4wEpMnuPHxvstDsdEmO8pTDA5G1HVfoHAW3x2J2NTPH4BiGFcuV+AStWywBNg==",
            "primary_blob_connection_string": "DefaultEndpointsProtocol=https;BlobEndpoint=;AccountName=stmycidev;AccountKey=miGCY0+SjZjQkeh08M+6kfdNB4wEpMnuPHxvstDsdEmO8pTDA5G1HVfoHAW3x2J2NTPH4BiGFcuV+AStWywBNg==",
            "primary_blob_endpoint": "",
            "primary_blob_host": "",
            "primary_connection_string": "DefaultEndpointsProtocol=https;AccountName=stmycidev;AccountKey=miGCY0+SjZjQkeh08M+6kfdNB4wEpMnuPHxvstDsdEmO8pTDA5G1HVfoHAW3x2J2NTPH4BiGFcuV+AStWywBNg==;EndpointSuffix=core.windows.net",
            "primary_dfs_endpoint": "",
            "primary_dfs_host": "",
            "primary_file_endpoint": "https://stmycidev.file.core.windows.net/",
            "primary_file_host": "stmycidev.file.core.windows.net",
            "primary_location": "eastus",
            "primary_queue_endpoint": "",
            "primary_queue_host": "",
            "primary_table_endpoint": "",
            "primary_table_host": "",
            "primary_web_endpoint": "",
            "primary_web_host": "",
            "queue_properties": null,
            "resource_group_name": "deeikele-tmp-premiumst",
            "routing": [],
            "secondary_access_key": "yMdeXnGDgt0XYkwDMJXsmDF5d54UvRXnnD+ekPR5m7jc79GTimmCBr9r2uuJj8T+l/vES3P5rl8u+AStf3j8tw==",
            "secondary_blob_connection_string": "",
            "secondary_blob_endpoint": null,
            "secondary_blob_host": null,
            "secondary_connection_string": "DefaultEndpointsProtocol=https;AccountName=stmycidev;AccountKey=yMdeXnGDgt0XYkwDMJXsmDF5d54UvRXnnD+ekPR5m7jc79GTimmCBr9r2uuJj8T+l/vES3P5rl8u+AStf3j8tw==;EndpointSuffix=core.windows.net",
            "secondary_dfs_endpoint": null,
            "secondary_dfs_host": null,
            "secondary_file_endpoint": null,
            "secondary_file_host": null,
            "secondary_location": "",
            "secondary_queue_endpoint": null,
            "secondary_queue_host": null,
            "secondary_table_endpoint": null,
            "secondary_table_host": null,
            "secondary_web_endpoint": null,
            "secondary_web_host": null,
            "share_properties": [
              {
                "cors_rule": [],
                "retention_policy": [
                  {
                    "days": 7
                  }
                ],
                "smb": []
              }
            ],
            "shared_access_key_enabled": true,
            "static_website": [],
            "tags": null,
            "timeouts": null
          },
          "sensitive_attributes": [],
          "private": "eyJlMmJmYjczMC1lY2FhLTExZTYtOGY4OC0zNDM2M2JjN2M0YzAiOnsiY3JlYXRlIjozNjAwMDAwMDAwMDAwLCJkZWxldGUiOjM2MDAwMDAwMDAwMDAsInJlYWQiOjMwMDAwMDAwMDAwMCwidXBkYXRlIjozNjAwMDAwMDAwMDAwfSwic2NoZW1hX3ZlcnNpb24iOiIyIn0=",
          "dependencies": [
            "azurerm_resource_group.default"
          ]
        }
      ]
    },
    {
      "mode": "managed",
      "type": "random_string",
      "name": "ci_prefix",
      "provider": "provider[\"registry.terraform.io/hashicorp/random\"]",
      "instances": [
        {
          "schema_version": 2,
          "attributes": {
            "id": "rfcuhufk",
            "keepers": null,
            "length": 8,
            "lower": true,
            "min_lower": 0,
            "min_numeric": 0,
            "min_special": 0,
            "min_upper": 0,
            "number": false,
            "numeric": false,
            "override_special": null,
            "result": "rfcuhufk",
            "special": false,
            "upper": false
          },
          "sensitive_attributes": []
        }
      ]
    }
  ]
}
